<?xml version="1.0" encoding="utf-8"?>
<Project ToolsVersion="4.0" xmlns="http://schemas.microsoft.com/developer/msbuild/2003">
  <ItemGroup>
    <Filter Include="Исходные файлы">
      <UniqueIdentifier>{4FC737F1-C7A5-4376-A066-2A32D752A2FF}</UniqueIdentifier>
      <Extensions>cpp;c;cc;cxx;def;odl;idl;hpj;bat;asm;asmx</Extensions>
    </Filter>
    <Filter Include="Файлы заголовков">
      <UniqueIdentifier>{93995380-89BD-4b04-88EB-625FBE52EBFB}</UniqueIdentifier>
      <Extensions>h;hh;hpp;hxx;hm;inl;inc;ipp;xsd</Extensions>
    </Filter>
    <Filter Include="Файлы ресурсов">
      <UniqueIdentifier>{67DA6AB6-F800-4c08-8B7A-83BB121AAD01}</UniqueIdentifier>
      <Extensions>rc;ico;cur;bmp;dlg;rc2;rct;bin;rgs;gif;jpg;jpeg;jpe;resx;tiff;tif;png;wav;mfcribbon-ms</Extensions>
    </Filter>
    <Filter Include="detail">
      <UniqueIdentifier>{e1acd47e-0700-4b07-98cb-53687d35cb79}</UniqueIdentifier>
    </Filter>
    <Filter Include="Исходные файлы\parser">
      <UniqueIdentifier>{44ef16ae-9c40-48ae-a121-160c50671344}</UniqueIdentifier>
    </Filter>
    <Filter Include="Исходные файлы\cpp">
      <UniqueIdentifier>{cbe8700b-dbc4-42d1-afd2-72b87103d075}</UniqueIdentifier>
    </Filter>
    <Filter Include="Json">
      <UniqueIdentifier>{e0629fec-95ec-47aa-98be-afa309ee6160}</UniqueIdentifier>
    </Filter>
  </ItemGroup>
  <ItemGroup>
    <ClCompile Include="SGParser.cpp">
      <Filter>Исходные файлы</Filter>
    </ClCompile>
  </ItemGroup>
  <ItemGroup>
    <ClInclude Include="tree.hpp">
      <Filter>detail</Filter>
    </ClInclude>
    <ClInclude Include="flag.hpp">
      <Filter>detail</Filter>
    </ClInclude>
    <ClInclude Include="file.hpp">
      <Filter>detail</Filter>
    </ClInclude>
    <ClInclude Include="path.hpp">
      <Filter>detail</Filter>
    </ClInclude>
    <ClInclude Include="string_function.hpp">
      <Filter>detail</Filter>
    </ClInclude>
    <ClInclude Include="words.hpp">
      <Filter>Исходные файлы\parser</Filter>
    </ClInclude>
    <ClInclude Include="flags_enums.hpp">
      <Filter>Исходные файлы\parser</Filter>
    </ClInclude>
    <ClInclude Include="cpp_objects.hpp">
      <Filter>Исходные файлы\cpp</Filter>
    </ClInclude>
    <ClInclude Include="cpp_elements.hpp">
      <Filter>Исходные файлы\cpp</Filter>
    </ClInclude>
    <ClInclude Include="cpp_element.hpp">
      <Filter>Исходные файлы\cpp</Filter>
    </ClInclude>
    <ClInclude Include="event_process.hpp">
      <Filter>Исходные файлы\parser</Filter>
    </ClInclude>
    <ClInclude Include="template_parser.hpp">
      <Filter>Исходные файлы\parser</Filter>
    </ClInclude>
    <ClInclude Include="base_parser.hpp">
      <Filter>Исходные файлы\parser</Filter>
    </ClInclude>
    <ClInclude Include="block_parser.hpp">
      <Filter>Исходные файлы\parser</Filter>
    </ClInclude>
    <ClInclude Include="words_parser.hpp">
      <Filter>Исходные файлы\parser</Filter>
    </ClInclude>
    <ClInclude Include="benchmark.hpp">
      <Filter>detail</Filter>
    </ClInclude>
    <ClInclude Include="executive_parser.hpp">
      <Filter>Исходные файлы</Filter>
    </ClInclude>
    <ClInclude Include="json_base.hpp">
      <Filter>Json</Filter>
    </ClInclude>
  </ItemGroup>
  <ItemGroup>
    <None Include="..\test.cpp">
      <Filter>Исходные файлы</Filter>
    </None>
    <None Include="typedef_test.cpp">
      <Filter>Исходные файлы</Filter>
    </None>
    <None Include="..\sg.hpp" />
    <None Include="templatehard_test.cpp">
      <Filter>Исходные файлы</Filter>
    </None>
    <None Include="function_wrapper.hpp">
      <Filter>detail</Filter>
    </None>
    <None Include="..\cpp_parser.json">
      <Filter>Json</Filter>
    </None>
  </ItemGroup>
</Project>